
Microsoft Visual Studio Solution File, Format Version 12.00
# Visual Studio Version 16
VisualStudioVersion = 16.0.32106.194
MinimumVisualStudioVersion = 10.0.40219.1
Project("{9A19103F-16F7-4668-BE54-9A1E7A4F7556}") = "StringMethods", "StringMethods\StringMethods.csproj", "{33AC3670-12D0-4273-AD19-D798098F9AE5}"
EndProject
Project("{9A19103F-16F7-4668-BE54-9A1E7A4F7556}") = "Array", "Diziler\Array.csproj", "{3B8EABE9-4B4B-4213-AF47-A990922271FD}"
EndProject
Project("{FAE04EC0-301F-11D3-BF4B-00C04F79EFBC}") = "ArrayMethods", "ArrayMethods\ArrayMethods.csproj", "{934CA675-DA01-45C4-8B03-4669417134BA}"
EndProject
Global
	GlobalSection(SolutionConfigurationPlatforms) = preSolution
		Debug|Any CPU = Debug|Any CPU
		Release|Any CPU = Release|Any CPU
	EndGlobalSection
	GlobalSection(ProjectConfigurationPlatforms) = postSolution
		{33AC3670-12D0-4273-AD19-D798098F9AE5}.Debug|Any CPU.ActiveCfg = Debug|Any CPU
		{33AC3670-12D0-4273-AD19-D798098F9AE5}.Debug|Any CPU.Build.0 = Debug|Any CPU
		{33AC3670-12D0-4273-AD19-D798098F9AE5}.Release|Any CPU.ActiveCfg = Release|Any CPU
		{33AC3670-12D0-4273-AD19-D798098F9AE5}.Release|Any CPU.Build.0 = Release|Any CPU
		{3B8EABE9-4B4B-4213-AF47-A990922271FD}.Debug|Any CPU.ActiveCfg = Debug|Any CPU
		{3B8EABE9-4B4B-4213-AF47-A990922271FD}.Debug|Any CPU.Build.0 = Debug|Any CPU
		{3B8EABE9-4B4B-4213-AF47-A990922271FD}.Release|Any CPU.ActiveCfg = Release|Any CPU
		{3B8EABE9-4B4B-4213-AF47-A990922271FD}.Release|Any CPU.Build.0 = Release|Any CPU
		{934CA675-DA01-45C4-8B03-4669417134BA}.Debug|Any CPU.ActiveCfg = Debug|Any CPU
		{934CA675-DA01-45C4-8B03-4669417134BA}.Debug|Any CPU.Build.0 = Debug|Any CPU
		{934CA675-DA01-45C4-8B03-4669417134BA}.Release|Any CPU.ActiveCfg = Release|Any CPU
		{934CA675-DA01-45C4-8B03-4669417134BA}.Release|Any CPU.Build.0 = Release|Any CPU
	EndGlobalSection
	GlobalSection(SolutionProperties) = preSolution
		HideSolutionNode = FALSE
	EndGlobalSection
	GlobalSection(ExtensibilityGlobals) = postSolution
		SolutionGuid = {9C01CE03-C131-4AB6-9E56-C8E80B99E334}
	EndGlobalSection
EndGlobal
