
Microsoft Visual Studio Solution File, Format Version 12.00
# Visual Studio Version 16
VisualStudioVersion = 16.0.32106.194
MinimumVisualStudioVersion = 10.0.40219.1
Project("{9A19103F-16F7-4668-BE54-9A1E7A4F7556}") = "StringMethods", "StringMethods\StringMethods.csproj", "{33AC3670-12D0-4273-AD19-D798098F9AE5}"
EndProject
Project("{9A19103F-16F7-4668-BE54-9A1E7A4F7556}") = "Array", "Diziler\Array.csproj", "{3B8EABE9-4B4B-4213-AF47-A990922271FD}"
EndProject
Project("{9A19103F-16F7-4668-BE54-9A1E7A4F7556}") = "ArrayMethods", "ArrayMethods\ArrayMethods.csproj", "{934CA675-DA01-45C4-8B03-4669417134BA}"
EndProject
Project("{9A19103F-16F7-4668-BE54-9A1E7A4F7556}") = "DateTime_", "DateTime_\DateTime_.csproj", "{AE89CFA9-A4A8-453F-9EA8-22CC1CEF90DA}"
EndProject
Project("{9A19103F-16F7-4668-BE54-9A1E7A4F7556}") = "Collections", "Collections\Collections.csproj", "{58C99B1D-DB9C-40C4-86D8-420C98C2BEDD}"
EndProject
Project("{9A19103F-16F7-4668-BE54-9A1E7A4F7556}") = "Collections2", "Collections2\Collections2.csproj", "{484856E1-44C2-481E-AB8E-6F5C66C4C15D}"
EndProject
Project("{9A19103F-16F7-4668-BE54-9A1E7A4F7556}") = "Class", "Class\Class.csproj", "{2E086F0C-760E-4E25-A82E-52C2BE98475A}"
EndProject
Project("{9A19103F-16F7-4668-BE54-9A1E7A4F7556}") = "ClassApplication", "ClassApplication\ClassApplication.csproj", "{9CF4860B-BF51-4DD0-BCDB-044DEE02C8A4}"
EndProject
Project("{9A19103F-16F7-4668-BE54-9A1E7A4F7556}") = "Methods", "Methods\Methods.csproj", "{389ED066-9B76-4CA3-B81D-9174C9AE358F}"
EndProject
Project("{9A19103F-16F7-4668-BE54-9A1E7A4F7556}") = "MethodsApplication", "MethodsApplication\MethodsApplication.csproj", "{9A9FBE8D-7589-4929-A43B-C11AC4D2397E}"
EndProject
Project("{9A19103F-16F7-4668-BE54-9A1E7A4F7556}") = "MethodParameters", "MethodParameters\MethodParameters.csproj", "{2195851E-D1DA-4AEB-84E7-61EE53A6DBFF}"
EndProject
Project("{9A19103F-16F7-4668-BE54-9A1E7A4F7556}") = "OverloadedMethods", "OverloadedMethods\OverloadedMethods.csproj", "{D5239CC7-C2E8-43FA-A0FD-634FF1F5ACD7}"
EndProject
Project("{9A19103F-16F7-4668-BE54-9A1E7A4F7556}") = "ConstructorMethods", "ConstructorMethods\ConstructorMethods.csproj", "{2280A465-A1DD-4D6D-9509-25A7C628AD29}"
EndProject
Project("{9A19103F-16F7-4668-BE54-9A1E7A4F7556}") = "ConstructorMethodApplication", "ConstructorMethodApplication\ConstructorMethodApplication.csproj", "{CE6760C3-B352-4816-9871-116FF7F8CE5A}"
EndProject
Project("{9A19103F-16F7-4668-BE54-9A1E7A4F7556}") = "Properties", "Properties\Properties.csproj", "{C10FE102-C76D-49EB-AA63-C4B1901C2972}"
EndProject
Project("{9A19103F-16F7-4668-BE54-9A1E7A4F7556}") = "QuizApplication", "QuizApplication\QuizApplication.csproj", "{8DFDB7AF-3B81-4739-963F-B00F236F34AF}"
EndProject
Project("{9A19103F-16F7-4668-BE54-9A1E7A4F7556}") = "StaticMembers", "StaticMembers\StaticMembers.csproj", "{014895B5-7674-433E-A9F2-384D784433F9}"
EndProject
Project("{9A19103F-16F7-4668-BE54-9A1E7A4F7556}") = "StaticMembersApplication", "StaticMembersApplication\StaticMembersApplication.csproj", "{55A955BA-130B-4DC1-A893-FC3D3E120EFE}"
EndProject
Project("{9A19103F-16F7-4668-BE54-9A1E7A4F7556}") = "Inheritance", "Inheritance\Inheritance.csproj", "{6C1C8E55-2C7C-466E-8B15-6DBC0FDBB534}"
EndProject
Project("{9A19103F-16F7-4668-BE54-9A1E7A4F7556}") = "AbstractClass", "AbstractClass\AbstractClass.csproj", "{72B5B9FF-1A66-4345-89FE-545A115DAFB5}"
EndProject
Project("{9A19103F-16F7-4668-BE54-9A1E7A4F7556}") = "Interface", "Interface\Interface.csproj", "{72647235-5195-4836-B430-E71B875E62E1}"
EndProject
Project("{9A19103F-16F7-4668-BE54-9A1E7A4F7556}") = "ExceptionandExceptionHandling", "ExceptionanExceptionHandling\ExceptionandExceptionHandling.csproj", "{813CAD5E-5B28-4952-96B1-577D65F64CB9}"
EndProject
Project("{FAE04EC0-301F-11D3-BF4B-00C04F79EFBC}") = "ThrowingtheException", "ThrowingtheException\ThrowingtheException.csproj", "{D0CA0B27-B932-45D1-85FF-D524E5F00AFF}"
EndProject
Project("{FAE04EC0-301F-11D3-BF4B-00C04F79EFBC}") = "ExceptionApplication", "ExceptionApplication\ExceptionApplication.csproj", "{1535D91A-BE98-4D0B-A52F-6D8188628C6E}"
EndProject
Global
	GlobalSection(SolutionConfigurationPlatforms) = preSolution
		Debug|Any CPU = Debug|Any CPU
		Release|Any CPU = Release|Any CPU
	EndGlobalSection
	GlobalSection(ProjectConfigurationPlatforms) = postSolution
		{33AC3670-12D0-4273-AD19-D798098F9AE5}.Debug|Any CPU.ActiveCfg = Debug|Any CPU
		{33AC3670-12D0-4273-AD19-D798098F9AE5}.Debug|Any CPU.Build.0 = Debug|Any CPU
		{33AC3670-12D0-4273-AD19-D798098F9AE5}.Release|Any CPU.ActiveCfg = Release|Any CPU
		{33AC3670-12D0-4273-AD19-D798098F9AE5}.Release|Any CPU.Build.0 = Release|Any CPU
		{3B8EABE9-4B4B-4213-AF47-A990922271FD}.Debug|Any CPU.ActiveCfg = Debug|Any CPU
		{3B8EABE9-4B4B-4213-AF47-A990922271FD}.Debug|Any CPU.Build.0 = Debug|Any CPU
		{3B8EABE9-4B4B-4213-AF47-A990922271FD}.Release|Any CPU.ActiveCfg = Release|Any CPU
		{3B8EABE9-4B4B-4213-AF47-A990922271FD}.Release|Any CPU.Build.0 = Release|Any CPU
		{934CA675-DA01-45C4-8B03-4669417134BA}.Debug|Any CPU.ActiveCfg = Debug|Any CPU
		{934CA675-DA01-45C4-8B03-4669417134BA}.Debug|Any CPU.Build.0 = Debug|Any CPU
		{934CA675-DA01-45C4-8B03-4669417134BA}.Release|Any CPU.ActiveCfg = Release|Any CPU
		{934CA675-DA01-45C4-8B03-4669417134BA}.Release|Any CPU.Build.0 = Release|Any CPU
		{AE89CFA9-A4A8-453F-9EA8-22CC1CEF90DA}.Debug|Any CPU.ActiveCfg = Debug|Any CPU
		{AE89CFA9-A4A8-453F-9EA8-22CC1CEF90DA}.Debug|Any CPU.Build.0 = Debug|Any CPU
		{AE89CFA9-A4A8-453F-9EA8-22CC1CEF90DA}.Release|Any CPU.ActiveCfg = Release|Any CPU
		{AE89CFA9-A4A8-453F-9EA8-22CC1CEF90DA}.Release|Any CPU.Build.0 = Release|Any CPU
		{58C99B1D-DB9C-40C4-86D8-420C98C2BEDD}.Debug|Any CPU.ActiveCfg = Debug|Any CPU
		{58C99B1D-DB9C-40C4-86D8-420C98C2BEDD}.Debug|Any CPU.Build.0 = Debug|Any CPU
		{58C99B1D-DB9C-40C4-86D8-420C98C2BEDD}.Release|Any CPU.ActiveCfg = Release|Any CPU
		{58C99B1D-DB9C-40C4-86D8-420C98C2BEDD}.Release|Any CPU.Build.0 = Release|Any CPU
		{484856E1-44C2-481E-AB8E-6F5C66C4C15D}.Debug|Any CPU.ActiveCfg = Debug|Any CPU
		{484856E1-44C2-481E-AB8E-6F5C66C4C15D}.Debug|Any CPU.Build.0 = Debug|Any CPU
		{484856E1-44C2-481E-AB8E-6F5C66C4C15D}.Release|Any CPU.ActiveCfg = Release|Any CPU
		{484856E1-44C2-481E-AB8E-6F5C66C4C15D}.Release|Any CPU.Build.0 = Release|Any CPU
		{2E086F0C-760E-4E25-A82E-52C2BE98475A}.Debug|Any CPU.ActiveCfg = Debug|Any CPU
		{2E086F0C-760E-4E25-A82E-52C2BE98475A}.Debug|Any CPU.Build.0 = Debug|Any CPU
		{2E086F0C-760E-4E25-A82E-52C2BE98475A}.Release|Any CPU.ActiveCfg = Release|Any CPU
		{2E086F0C-760E-4E25-A82E-52C2BE98475A}.Release|Any CPU.Build.0 = Release|Any CPU
		{9CF4860B-BF51-4DD0-BCDB-044DEE02C8A4}.Debug|Any CPU.ActiveCfg = Debug|Any CPU
		{9CF4860B-BF51-4DD0-BCDB-044DEE02C8A4}.Debug|Any CPU.Build.0 = Debug|Any CPU
		{9CF4860B-BF51-4DD0-BCDB-044DEE02C8A4}.Release|Any CPU.ActiveCfg = Release|Any CPU
		{9CF4860B-BF51-4DD0-BCDB-044DEE02C8A4}.Release|Any CPU.Build.0 = Release|Any CPU
		{389ED066-9B76-4CA3-B81D-9174C9AE358F}.Debug|Any CPU.ActiveCfg = Debug|Any CPU
		{389ED066-9B76-4CA3-B81D-9174C9AE358F}.Debug|Any CPU.Build.0 = Debug|Any CPU
		{389ED066-9B76-4CA3-B81D-9174C9AE358F}.Release|Any CPU.ActiveCfg = Release|Any CPU
		{389ED066-9B76-4CA3-B81D-9174C9AE358F}.Release|Any CPU.Build.0 = Release|Any CPU
		{9A9FBE8D-7589-4929-A43B-C11AC4D2397E}.Debug|Any CPU.ActiveCfg = Debug|Any CPU
		{9A9FBE8D-7589-4929-A43B-C11AC4D2397E}.Debug|Any CPU.Build.0 = Debug|Any CPU
		{9A9FBE8D-7589-4929-A43B-C11AC4D2397E}.Release|Any CPU.ActiveCfg = Release|Any CPU
		{9A9FBE8D-7589-4929-A43B-C11AC4D2397E}.Release|Any CPU.Build.0 = Release|Any CPU
		{2195851E-D1DA-4AEB-84E7-61EE53A6DBFF}.Debug|Any CPU.ActiveCfg = Debug|Any CPU
		{2195851E-D1DA-4AEB-84E7-61EE53A6DBFF}.Debug|Any CPU.Build.0 = Debug|Any CPU
		{2195851E-D1DA-4AEB-84E7-61EE53A6DBFF}.Release|Any CPU.ActiveCfg = Release|Any CPU
		{2195851E-D1DA-4AEB-84E7-61EE53A6DBFF}.Release|Any CPU.Build.0 = Release|Any CPU
		{D5239CC7-C2E8-43FA-A0FD-634FF1F5ACD7}.Debug|Any CPU.ActiveCfg = Debug|Any CPU
		{D5239CC7-C2E8-43FA-A0FD-634FF1F5ACD7}.Debug|Any CPU.Build.0 = Debug|Any CPU
		{D5239CC7-C2E8-43FA-A0FD-634FF1F5ACD7}.Release|Any CPU.ActiveCfg = Release|Any CPU
		{D5239CC7-C2E8-43FA-A0FD-634FF1F5ACD7}.Release|Any CPU.Build.0 = Release|Any CPU
		{2280A465-A1DD-4D6D-9509-25A7C628AD29}.Debug|Any CPU.ActiveCfg = Debug|Any CPU
		{2280A465-A1DD-4D6D-9509-25A7C628AD29}.Debug|Any CPU.Build.0 = Debug|Any CPU
		{2280A465-A1DD-4D6D-9509-25A7C628AD29}.Release|Any CPU.ActiveCfg = Release|Any CPU
		{2280A465-A1DD-4D6D-9509-25A7C628AD29}.Release|Any CPU.Build.0 = Release|Any CPU
		{CE6760C3-B352-4816-9871-116FF7F8CE5A}.Debug|Any CPU.ActiveCfg = Debug|Any CPU
		{CE6760C3-B352-4816-9871-116FF7F8CE5A}.Debug|Any CPU.Build.0 = Debug|Any CPU
		{CE6760C3-B352-4816-9871-116FF7F8CE5A}.Release|Any CPU.ActiveCfg = Release|Any CPU
		{CE6760C3-B352-4816-9871-116FF7F8CE5A}.Release|Any CPU.Build.0 = Release|Any CPU
		{C10FE102-C76D-49EB-AA63-C4B1901C2972}.Debug|Any CPU.ActiveCfg = Debug|Any CPU
		{C10FE102-C76D-49EB-AA63-C4B1901C2972}.Debug|Any CPU.Build.0 = Debug|Any CPU
		{C10FE102-C76D-49EB-AA63-C4B1901C2972}.Release|Any CPU.ActiveCfg = Release|Any CPU
		{C10FE102-C76D-49EB-AA63-C4B1901C2972}.Release|Any CPU.Build.0 = Release|Any CPU
		{8DFDB7AF-3B81-4739-963F-B00F236F34AF}.Debug|Any CPU.ActiveCfg = Debug|Any CPU
		{8DFDB7AF-3B81-4739-963F-B00F236F34AF}.Debug|Any CPU.Build.0 = Debug|Any CPU
		{8DFDB7AF-3B81-4739-963F-B00F236F34AF}.Release|Any CPU.ActiveCfg = Release|Any CPU
		{8DFDB7AF-3B81-4739-963F-B00F236F34AF}.Release|Any CPU.Build.0 = Release|Any CPU
		{014895B5-7674-433E-A9F2-384D784433F9}.Debug|Any CPU.ActiveCfg = Debug|Any CPU
		{014895B5-7674-433E-A9F2-384D784433F9}.Debug|Any CPU.Build.0 = Debug|Any CPU
		{014895B5-7674-433E-A9F2-384D784433F9}.Release|Any CPU.ActiveCfg = Release|Any CPU
		{014895B5-7674-433E-A9F2-384D784433F9}.Release|Any CPU.Build.0 = Release|Any CPU
		{55A955BA-130B-4DC1-A893-FC3D3E120EFE}.Debug|Any CPU.ActiveCfg = Debug|Any CPU
		{55A955BA-130B-4DC1-A893-FC3D3E120EFE}.Debug|Any CPU.Build.0 = Debug|Any CPU
		{55A955BA-130B-4DC1-A893-FC3D3E120EFE}.Release|Any CPU.ActiveCfg = Release|Any CPU
		{55A955BA-130B-4DC1-A893-FC3D3E120EFE}.Release|Any CPU.Build.0 = Release|Any CPU
		{6C1C8E55-2C7C-466E-8B15-6DBC0FDBB534}.Debug|Any CPU.ActiveCfg = Debug|Any CPU
		{6C1C8E55-2C7C-466E-8B15-6DBC0FDBB534}.Debug|Any CPU.Build.0 = Debug|Any CPU
		{6C1C8E55-2C7C-466E-8B15-6DBC0FDBB534}.Release|Any CPU.ActiveCfg = Release|Any CPU
		{6C1C8E55-2C7C-466E-8B15-6DBC0FDBB534}.Release|Any CPU.Build.0 = Release|Any CPU
		{72B5B9FF-1A66-4345-89FE-545A115DAFB5}.Debug|Any CPU.ActiveCfg = Debug|Any CPU
		{72B5B9FF-1A66-4345-89FE-545A115DAFB5}.Debug|Any CPU.Build.0 = Debug|Any CPU
		{72B5B9FF-1A66-4345-89FE-545A115DAFB5}.Release|Any CPU.ActiveCfg = Release|Any CPU
		{72B5B9FF-1A66-4345-89FE-545A115DAFB5}.Release|Any CPU.Build.0 = Release|Any CPU
		{72647235-5195-4836-B430-E71B875E62E1}.Debug|Any CPU.ActiveCfg = Debug|Any CPU
		{72647235-5195-4836-B430-E71B875E62E1}.Debug|Any CPU.Build.0 = Debug|Any CPU
		{72647235-5195-4836-B430-E71B875E62E1}.Release|Any CPU.ActiveCfg = Release|Any CPU
		{72647235-5195-4836-B430-E71B875E62E1}.Release|Any CPU.Build.0 = Release|Any CPU
		{813CAD5E-5B28-4952-96B1-577D65F64CB9}.Debug|Any CPU.ActiveCfg = Debug|Any CPU
		{813CAD5E-5B28-4952-96B1-577D65F64CB9}.Debug|Any CPU.Build.0 = Debug|Any CPU
		{813CAD5E-5B28-4952-96B1-577D65F64CB9}.Release|Any CPU.ActiveCfg = Release|Any CPU
		{813CAD5E-5B28-4952-96B1-577D65F64CB9}.Release|Any CPU.Build.0 = Release|Any CPU
		{D0CA0B27-B932-45D1-85FF-D524E5F00AFF}.Debug|Any CPU.ActiveCfg = Debug|Any CPU
		{D0CA0B27-B932-45D1-85FF-D524E5F00AFF}.Debug|Any CPU.Build.0 = Debug|Any CPU
		{D0CA0B27-B932-45D1-85FF-D524E5F00AFF}.Release|Any CPU.ActiveCfg = Release|Any CPU
		{D0CA0B27-B932-45D1-85FF-D524E5F00AFF}.Release|Any CPU.Build.0 = Release|Any CPU
		{1535D91A-BE98-4D0B-A52F-6D8188628C6E}.Debug|Any CPU.ActiveCfg = Debug|Any CPU
		{1535D91A-BE98-4D0B-A52F-6D8188628C6E}.Debug|Any CPU.Build.0 = Debug|Any CPU
		{1535D91A-BE98-4D0B-A52F-6D8188628C6E}.Release|Any CPU.ActiveCfg = Release|Any CPU
		{1535D91A-BE98-4D0B-A52F-6D8188628C6E}.Release|Any CPU.Build.0 = Release|Any CPU
	EndGlobalSection
	GlobalSection(SolutionProperties) = preSolution
		HideSolutionNode = FALSE
	EndGlobalSection
	GlobalSection(ExtensibilityGlobals) = postSolution
		SolutionGuid = {9C01CE03-C131-4AB6-9E56-C8E80B99E334}
	EndGlobalSection
EndGlobal
